
Microsoft Visual Studio Solution File, Format Version 12.00
# Visual Studio 15
VisualStudioVersion = 15.0.28307.1684
MinimumVisualStudioVersion = 10.0.40219.1
Project("{FAE04EC0-301F-11D3-BF4B-00C04F79EFBC}") = "HitTriangle", "HitTriangle.csproj", "{FDF11825-1E65-4D67-B3B2-B29D04F93104}"
EndProject
Global
	GlobalSection(SolutionConfigurationPlatforms) = preSolution
		Debug|Any CPU = Debug|Any CPU
		Release|Any CPU = Release|Any CPU
	EndGlobalSection
	GlobalSection(ProjectConfigurationPlatforms) = postSolution
		{FDF11825-1E65-4D67-B3B2-B29D04F93104}.Debug|Any CPU.ActiveCfg = Debug|Any CPU
		{FDF11825-1E65-4D67-B3B2-B29D04F93104}.Debug|Any CPU.Build.0 = Debug|Any CPU
		{FDF11825-1E65-4D67-B3B2-B29D04F93104}.Release|Any CPU.ActiveCfg = Release|Any CPU
		{FDF11825-1E65-4D67-B3B2-B29D04F93104}.Release|Any CPU.Build.0 = Release|Any CPU
	EndGlobalSection
	GlobalSection(SolutionProperties) = preSolution
		HideSolutionNode = FALSE
	EndGlobalSection
	GlobalSection(ExtensibilityGlobals) = postSolution
		SolutionGuid = {662D06A2-6630-4A11-A7DD-A45C42378F46}
	EndGlobalSection
EndGlobal
